
Microsoft Visual Studio Solution File, Format Version 12.00
# Visual Studio Version 17
VisualStudioVersion = 17.10.34707.107
MinimumVisualStudioVersion = 10.0.40219.1
Project("{9A19103F-16F7-4668-BE54-9A1E7A4F7556}") = "Practice5_DesignPatterns.ExampleOfAbstractFactory", "Practice5_DesignPatterns.ExampleOfAbstractFactory\Practice5_DesignPatterns.ExampleOfAbstractFactory.csproj", "{23D911A2-C5D9-45ED-9781-6649273D984C}"
EndProject
Project("{FAE04EC0-301F-11D3-BF4B-00C04F79EFBC}") = "Practice5_DesignPatterns.MyOwnTask", "Practice5_DesignPatterns.MyOwnTask\Practice5_DesignPatterns.MyOwnTask.csproj", "{7A95EF9E-8846-40AA-92C3-F8F69A0B8FD4}"
EndProject
Global
	GlobalSection(SolutionConfigurationPlatforms) = preSolution
		Debug|Any CPU = Debug|Any CPU
		Release|Any CPU = Release|Any CPU
	EndGlobalSection
	GlobalSection(ProjectConfigurationPlatforms) = postSolution
		{23D911A2-C5D9-45ED-9781-6649273D984C}.Debug|Any CPU.ActiveCfg = Debug|Any CPU
		{23D911A2-C5D9-45ED-9781-6649273D984C}.Debug|Any CPU.Build.0 = Debug|Any CPU
		{23D911A2-C5D9-45ED-9781-6649273D984C}.Release|Any CPU.ActiveCfg = Release|Any CPU
		{23D911A2-C5D9-45ED-9781-6649273D984C}.Release|Any CPU.Build.0 = Release|Any CPU
		{7A95EF9E-8846-40AA-92C3-F8F69A0B8FD4}.Debug|Any CPU.ActiveCfg = Debug|Any CPU
		{7A95EF9E-8846-40AA-92C3-F8F69A0B8FD4}.Debug|Any CPU.Build.0 = Debug|Any CPU
		{7A95EF9E-8846-40AA-92C3-F8F69A0B8FD4}.Release|Any CPU.ActiveCfg = Release|Any CPU
		{7A95EF9E-8846-40AA-92C3-F8F69A0B8FD4}.Release|Any CPU.Build.0 = Release|Any CPU
	EndGlobalSection
	GlobalSection(SolutionProperties) = preSolution
		HideSolutionNode = FALSE
	EndGlobalSection
	GlobalSection(ExtensibilityGlobals) = postSolution
		SolutionGuid = {2A22DF15-6F02-4537-82B1-95037DD6E57F}
	EndGlobalSection
EndGlobal
